
Microsoft Visual Studio Solution File, Format Version 12.00
# Visual Studio Version 17
VisualStudioVersion = 17.5.002.0
MinimumVisualStudioVersion = 10.0.40219.1
Project("{9A19103F-16F7-4668-BE54-9A1E7A4F7556}") = "backend", "backend\backend.csproj", "{8E972D46-8225-4216-9298-6552D9901D9C}"
EndProject
Global
	GlobalSection(SolutionConfigurationPlatforms) = preSolution
		Debug|Any CPU = Debug|Any CPU
		Release|Any CPU = Release|Any CPU
	EndGlobalSection
	GlobalSection(ProjectConfigurationPlatforms) = postSolution
		{8E972D46-8225-4216-9298-6552D9901D9C}.Debug|Any CPU.ActiveCfg = Debug|Any CPU
		{8E972D46-8225-4216-9298-6552D9901D9C}.Debug|Any CPU.Build.0 = Debug|Any CPU
		{8E972D46-8225-4216-9298-6552D9901D9C}.Release|Any CPU.ActiveCfg = Release|Any CPU
		{8E972D46-8225-4216-9298-6552D9901D9C}.Release|Any CPU.Build.0 = Release|Any CPU
	EndGlobalSection
	GlobalSection(SolutionProperties) = preSolution
		HideSolutionNode = FALSE
	EndGlobalSection
	GlobalSection(ExtensibilityGlobals) = postSolution
		SolutionGuid = {DD089B17-E958-46AE-A8C2-F02336C1BC80}
	EndGlobalSection
EndGlobal
